
Microsoft Visual Studio Solution File, Format Version 12.00
Project("{FAE04EC0-301F-11D3-BF4B-00C04F79EFBC}") = "OperationReport", "OperationReport\OperationReport.csproj", "{F24EC1CB-816C-4A50-975E-FED3100F8F77}"
EndProject
Project("{FAE04EC0-301F-11D3-BF4B-00C04F79EFBC}") = "OperationReport.Test", "OperationReport.Test\OperationReport.Test.csproj", "{96101099-E3FD-4CA9-A3E5-08003A839DA4}"
EndProject
Global
	GlobalSection(SolutionConfigurationPlatforms) = preSolution
		Debug|Any CPU = Debug|Any CPU
		Release|Any CPU = Release|Any CPU
	EndGlobalSection
	GlobalSection(ProjectConfigurationPlatforms) = postSolution
		{F24EC1CB-816C-4A50-975E-FED3100F8F77}.Debug|Any CPU.ActiveCfg = Debug|Any CPU
		{F24EC1CB-816C-4A50-975E-FED3100F8F77}.Debug|Any CPU.Build.0 = Debug|Any CPU
		{F24EC1CB-816C-4A50-975E-FED3100F8F77}.Release|Any CPU.ActiveCfg = Release|Any CPU
		{F24EC1CB-816C-4A50-975E-FED3100F8F77}.Release|Any CPU.Build.0 = Release|Any CPU
		{96101099-E3FD-4CA9-A3E5-08003A839DA4}.Debug|Any CPU.ActiveCfg = Debug|Any CPU
		{96101099-E3FD-4CA9-A3E5-08003A839DA4}.Debug|Any CPU.Build.0 = Debug|Any CPU
		{96101099-E3FD-4CA9-A3E5-08003A839DA4}.Release|Any CPU.ActiveCfg = Release|Any CPU
		{96101099-E3FD-4CA9-A3E5-08003A839DA4}.Release|Any CPU.Build.0 = Release|Any CPU
	EndGlobalSection
EndGlobal
